
Microsoft Visual Studio Solution File, Format Version 12.00
# Visual Studio Version 17
VisualStudioVersion = 17.1.32414.318
MinimumVisualStudioVersion = 10.0.40219.1
Project("{9A19103F-16F7-4668-BE54-9A1E7A4F7556}") = "Application.Tests", "Test\Application.Tests\Application.Tests.csproj", "{4D22E896-4375-4977-AF0E-13D684404C16}"
EndProject
Project("{2150E333-8FDC-42A3-9474-1A3956D46DE8}") = "test", "test", "{903017E0-401F-4A24-916E-2DFA475A1F7E}"
EndProject
Project("{2150E333-8FDC-42A3-9474-1A3956D46DE8}") = "src", "src", "{E11DFD71-00B0-4A1F-8A60-CF9EBA546A72}"
EndProject
Project("{9A19103F-16F7-4668-BE54-9A1E7A4F7556}") = "Application", "src\Application\Application.csproj", "{C73A6FAA-76C2-4EA2-9671-920AB1002796}"
EndProject
Project("{9A19103F-16F7-4668-BE54-9A1E7A4F7556}") = "Domain", "src\Domain\Domain.csproj", "{7C0EDC32-A253-481A-8602-8A8211FE5790}"
EndProject
Project("{9A19103F-16F7-4668-BE54-9A1E7A4F7556}") = "Persistence", "src\Persistence\Persistence.csproj", "{F1E04352-A611-4651-95EA-C6635CBA95F6}"
EndProject
Project("{9A19103F-16F7-4668-BE54-9A1E7A4F7556}") = "Persistence.DynamoDB", "src\Persistence.DynamoDB\Persistence.DynamoDB.csproj", "{3258D1B6-3E51-4785-A3E0-0CF55A883219}"
EndProject
Project("{9A19103F-16F7-4668-BE54-9A1E7A4F7556}") = "Web", "src\Web\Web.csproj", "{ACC4C804-570E-4712-8D5D-F8BF13D20D5D}"
EndProject
Project("{FAE04EC0-301F-11D3-BF4B-00C04F79EFBC}") = "Web.Tests", "test\Web.Tests\Web.Tests.csproj", "{68D13F68-F5F5-43C7-8D44-21106F6C97A0}"
EndProject
Global
	GlobalSection(SolutionConfigurationPlatforms) = preSolution
		Debug|Any CPU = Debug|Any CPU
		Release|Any CPU = Release|Any CPU
	EndGlobalSection
	GlobalSection(ProjectConfigurationPlatforms) = postSolution
		{4D22E896-4375-4977-AF0E-13D684404C16}.Debug|Any CPU.ActiveCfg = Debug|Any CPU
		{4D22E896-4375-4977-AF0E-13D684404C16}.Debug|Any CPU.Build.0 = Debug|Any CPU
		{4D22E896-4375-4977-AF0E-13D684404C16}.Release|Any CPU.ActiveCfg = Release|Any CPU
		{4D22E896-4375-4977-AF0E-13D684404C16}.Release|Any CPU.Build.0 = Release|Any CPU
		{C73A6FAA-76C2-4EA2-9671-920AB1002796}.Debug|Any CPU.ActiveCfg = Debug|Any CPU
		{C73A6FAA-76C2-4EA2-9671-920AB1002796}.Debug|Any CPU.Build.0 = Debug|Any CPU
		{C73A6FAA-76C2-4EA2-9671-920AB1002796}.Release|Any CPU.ActiveCfg = Release|Any CPU
		{C73A6FAA-76C2-4EA2-9671-920AB1002796}.Release|Any CPU.Build.0 = Release|Any CPU
		{7C0EDC32-A253-481A-8602-8A8211FE5790}.Debug|Any CPU.ActiveCfg = Debug|Any CPU
		{7C0EDC32-A253-481A-8602-8A8211FE5790}.Debug|Any CPU.Build.0 = Debug|Any CPU
		{7C0EDC32-A253-481A-8602-8A8211FE5790}.Release|Any CPU.ActiveCfg = Release|Any CPU
		{7C0EDC32-A253-481A-8602-8A8211FE5790}.Release|Any CPU.Build.0 = Release|Any CPU
		{F1E04352-A611-4651-95EA-C6635CBA95F6}.Debug|Any CPU.ActiveCfg = Debug|Any CPU
		{F1E04352-A611-4651-95EA-C6635CBA95F6}.Debug|Any CPU.Build.0 = Debug|Any CPU
		{F1E04352-A611-4651-95EA-C6635CBA95F6}.Release|Any CPU.ActiveCfg = Release|Any CPU
		{F1E04352-A611-4651-95EA-C6635CBA95F6}.Release|Any CPU.Build.0 = Release|Any CPU
		{3258D1B6-3E51-4785-A3E0-0CF55A883219}.Debug|Any CPU.ActiveCfg = Debug|Any CPU
		{3258D1B6-3E51-4785-A3E0-0CF55A883219}.Debug|Any CPU.Build.0 = Debug|Any CPU
		{3258D1B6-3E51-4785-A3E0-0CF55A883219}.Release|Any CPU.ActiveCfg = Release|Any CPU
		{3258D1B6-3E51-4785-A3E0-0CF55A883219}.Release|Any CPU.Build.0 = Release|Any CPU
		{ACC4C804-570E-4712-8D5D-F8BF13D20D5D}.Debug|Any CPU.ActiveCfg = Debug|Any CPU
		{ACC4C804-570E-4712-8D5D-F8BF13D20D5D}.Debug|Any CPU.Build.0 = Debug|Any CPU
		{ACC4C804-570E-4712-8D5D-F8BF13D20D5D}.Release|Any CPU.ActiveCfg = Release|Any CPU
		{ACC4C804-570E-4712-8D5D-F8BF13D20D5D}.Release|Any CPU.Build.0 = Release|Any CPU
		{68D13F68-F5F5-43C7-8D44-21106F6C97A0}.Debug|Any CPU.ActiveCfg = Debug|Any CPU
		{68D13F68-F5F5-43C7-8D44-21106F6C97A0}.Debug|Any CPU.Build.0 = Debug|Any CPU
		{68D13F68-F5F5-43C7-8D44-21106F6C97A0}.Release|Any CPU.ActiveCfg = Release|Any CPU
		{68D13F68-F5F5-43C7-8D44-21106F6C97A0}.Release|Any CPU.Build.0 = Release|Any CPU
	EndGlobalSection
	GlobalSection(SolutionProperties) = preSolution
		HideSolutionNode = FALSE
	EndGlobalSection
	GlobalSection(NestedProjects) = preSolution
		{4D22E896-4375-4977-AF0E-13D684404C16} = {903017E0-401F-4A24-916E-2DFA475A1F7E}
		{C73A6FAA-76C2-4EA2-9671-920AB1002796} = {E11DFD71-00B0-4A1F-8A60-CF9EBA546A72}
		{7C0EDC32-A253-481A-8602-8A8211FE5790} = {E11DFD71-00B0-4A1F-8A60-CF9EBA546A72}
		{F1E04352-A611-4651-95EA-C6635CBA95F6} = {E11DFD71-00B0-4A1F-8A60-CF9EBA546A72}
		{3258D1B6-3E51-4785-A3E0-0CF55A883219} = {E11DFD71-00B0-4A1F-8A60-CF9EBA546A72}
		{ACC4C804-570E-4712-8D5D-F8BF13D20D5D} = {E11DFD71-00B0-4A1F-8A60-CF9EBA546A72}
		{68D13F68-F5F5-43C7-8D44-21106F6C97A0} = {903017E0-401F-4A24-916E-2DFA475A1F7E}
	EndGlobalSection
	GlobalSection(ExtensibilityGlobals) = postSolution
		SolutionGuid = {06EC3261-772D-4784-B48F-2321270C484D}
	EndGlobalSection
EndGlobal
